
Microsoft Visual Studio Solution File, Format Version 12.00
# Visual Studio Version 17
VisualStudioVersion = 17.0.31912.275
MinimumVisualStudioVersion = 10.0.40219.1
Project("{FAE04EC0-301F-11D3-BF4B-00C04F79EFBC}") = "ModifierCreator", "ModifierCreator\ModifierCreator.csproj", "{22D30B2D-1747-424B-9B61-4EB88DBD2396}"
EndProject
Global
	GlobalSection(SolutionConfigurationPlatforms) = preSolution
		Debug|Any CPU = Debug|Any CPU
		Release|Any CPU = Release|Any CPU
	EndGlobalSection
	GlobalSection(ProjectConfigurationPlatforms) = postSolution
		{22D30B2D-1747-424B-9B61-4EB88DBD2396}.Debug|Any CPU.ActiveCfg = Debug|Any CPU
		{22D30B2D-1747-424B-9B61-4EB88DBD2396}.Debug|Any CPU.Build.0 = Debug|Any CPU
		{22D30B2D-1747-424B-9B61-4EB88DBD2396}.Release|Any CPU.ActiveCfg = Release|Any CPU
		{22D30B2D-1747-424B-9B61-4EB88DBD2396}.Release|Any CPU.Build.0 = Release|Any CPU
	EndGlobalSection
	GlobalSection(SolutionProperties) = preSolution
		HideSolutionNode = FALSE
	EndGlobalSection
	GlobalSection(ExtensibilityGlobals) = postSolution
		SolutionGuid = {E9EEA738-1C12-48F6-B2B5-D89E5BA8CD77}
	EndGlobalSection
EndGlobal
